
Microsoft Visual Studio Solution File, Format Version 12.00
# Visual Studio Version 16
VisualStudioVersion = 16.0.29306.81
MinimumVisualStudioVersion = 10.0.40219.1
Project("{FAE04EC0-301F-11D3-BF4B-00C04F79EFBC}") = "Logger", "Logger.csproj", "{EF16597D-580C-4797-A14E-9C8413BF9617}"
EndProject
Global
	GlobalSection(SolutionConfigurationPlatforms) = preSolution
		Debug|Any CPU = Debug|Any CPU
		Release|Any CPU = Release|Any CPU
	EndGlobalSection
	GlobalSection(ProjectConfigurationPlatforms) = postSolution
		{EF16597D-580C-4797-A14E-9C8413BF9617}.Debug|Any CPU.ActiveCfg = Debug|Any CPU
		{EF16597D-580C-4797-A14E-9C8413BF9617}.Debug|Any CPU.Build.0 = Debug|Any CPU
		{EF16597D-580C-4797-A14E-9C8413BF9617}.Release|Any CPU.ActiveCfg = Release|Any CPU
		{EF16597D-580C-4797-A14E-9C8413BF9617}.Release|Any CPU.Build.0 = Release|Any CPU
	EndGlobalSection
	GlobalSection(SolutionProperties) = preSolution
		HideSolutionNode = FALSE
	EndGlobalSection
	GlobalSection(ExtensibilityGlobals) = postSolution
		SolutionGuid = {AC91B600-F771-4EA3-997F-7CAC58418DBD}
	EndGlobalSection
EndGlobal
